{
  "name": "@dwcore/dcat",
  "version": "0.1.3",
  "lockfileVersion": 1,
  "requires": true,
  "dependencies": {
    "@ddatabase/core": {
      "version": "github:ddatabase/core#352799ac7ac5b596ab417c90cc24a29c6addb267",
      "from": "github:ddatabase/core#master",
      "requires": {
        "@ddatabase/crypto": "*",
        "@ddatabase/protocol": "^0.3.1",
        "@dwcore/dethunk": "*",
        "@dwcore/dws2wrap": "*",
        "@dwcore/ref": "*",
        "array-lru": "^1.1.0",
        "atomic-batcher": "^1.0.2",
        "bitfield-rle": "^2.0.0",
        "buffer-alloc-unsafe": "^1.0.0",
        "buffer-equals": "^1.0.4",
        "buffer-from": "^1.0.0",
        "bulk-write-stream": "^1.1.3",
        "codecs": "^1.2.0",
        "flat-tree": "^1.6.0",
        "inherits": "^2.0.3",
        "inspect-custom-symbol": "^1.1.0",
        "last-one-wins": "^1.0.4",
        "memory-pager": "^1.0.2",
        "merkle-tree-stream": "^3.0.3",
        "pretty-hash": "^1.0.1",
        "process-nextick-args": "^1.0.7",
        "sodium-universal": "^2.0.0",
        "sparse-bitfield": "^3.0.0",
        "uint64be": "^2.0.1",
        "unordered-array-remove": "^1.0.2",
        "unordered-set": "^2.0.0"
      }
    },
    "@ddatabase/crypto": {
      "version": "0.1.2",
      "resolved": "https://registry.npmjs.org/@ddatabase/crypto/-/crypto-0.1.2.tgz",
      "integrity": "sha1-bCCbmR29A9l9iKqGGSMd7GM8oGs=",
      "requires": {
        "buffer-alloc-unsafe": "^1.1.0",
        "buffer-from": "^1.1.0",
        "sodium-universal": "^2.0.0",
        "uint64be": "^2.0.2"
      }
    },
    "@ddatabase/protocol": {
      "version": "0.3.1",
      "resolved": "https://registry.npmjs.org/@ddatabase/protocol/-/protocol-0.3.1.tgz",
      "integrity": "sha1-unjJvvGghRlDpa7VeWL3EmNQryQ=",
      "requires": {
        "brfs": "^1.4.3",
        "inherits": "^2.0.3",
        "protocol-buffers": "^3.2.1",
        "readable-stream": "^2.2.6",
        "sodium-universal": "^2.0.0",
        "sorted-indexof": "^1.0.0",
        "varint": "^5.0.0"
      }
    },
    "@ddrive/core": {
      "version": "github:ddrives/core#079e3a99d75f9d0f5b1eb0229ddaed1a7103bc58",
      "from": "github:ddrives/core#master",
      "requires": {
        "@ddatabase/core": "*",
        "append-tree": "^2.3.5",
        "duplexify": "^3.5.0",
        "from2": "^2.3.0",
        "inherits": "^2.0.3",
        "mutexify": "^1.1.0",
        "protocol-buffers-encodings": "^1.1.0",
        "random-access-file": "^2.0.1",
        "sodium-universal": "^2.0.0",
        "stream-collector": "^1.0.1",
        "stream-each": "^1.2.0",
        "thunky": "^1.0.2",
        "uint64be": "^2.0.1",
        "unixify": "^1.0.0"
      }
    },
    "@distdns/core": {
      "version": "github:distdns/core#31e3522a4a59e682a89d48e492523b140b20acf9",
      "from": "github:distdns/core#master",
      "requires": {
        "dns-packet": "^4.0.0",
        "thunky": "^1.0.2"
      }
    },
    "@distdns/server": {
      "version": "0.1.3",
      "resolved": "https://registry.npmjs.org/@distdns/server/-/server-0.1.3.tgz",
      "integrity": "sha1-XQG4FuH0eMHfKFO3xohyAjKn60o=",
      "requires": {
        "@distdns/core": "github:distdns/core#31e3522a4a59e682a89d48e492523b140b20acf9",
        "@distdns/socket": "github:distdns/socket#6d2bdb03637581bc0ae3e32b675dd57b9f05c8f7",
        "@dwcore/channel": "github:dwcore/channel#f9013d1caeb14a18b8ff80f4a6d69f22b9982420",
        "@dwcore/netspeed": "github:dwcore/netspeed#d99f2d6122940fc8e23c61071c323f8b9cc85b91",
        "circular-append-file": "^1.0.1",
        "debug": "^2.6.9",
        "lru": "^2.0.0",
        "minimist": "^1.2.0",
        "network-address": "^1.1.2",
        "unordered-set": "^1.1.0"
      },
      "dependencies": {
        "debug": {
          "version": "2.6.9",
          "resolved": "https://registry.npmjs.org/debug/-/debug-2.6.9.tgz",
          "integrity": "sha512-bC7ElrdJaJnPbAP+1EotYvqZsb3ecl5wi6Bfi6BJTUcNowp6cvspg0jXznRTKDjm/E7AdgFBVeAPVMNcKGsHMA==",
          "requires": {
            "ms": "2.0.0"
          }
        },
        "unordered-set": {
          "version": "1.1.0",
          "resolved": "https://registry.npmjs.org/unordered-set/-/unordered-set-1.1.0.tgz",
          "integrity": "sha1-K6fvMW7dC5WQzFR8dPdqLxZP7Mo="
        }
      }
    },
    "@distdns/socket": {
      "version": "github:distdns/socket#6d2bdb03637581bc0ae3e32b675dd57b9f05c8f7",
      "from": "github:distdns/socket#master",
      "requires": {
        "dns-packet": "^5.0.0"
      },
      "dependencies": {
        "dns-packet": {
          "version": "5.0.1",
          "resolved": "https://registry.npmjs.org/dns-packet/-/dns-packet-5.0.1.tgz",
          "integrity": "sha512-1XE76Q6m/kNA+49qnDyoYagqzSDY8kgl7S9tPdkQGJMfER6EfgccDcBa7MgEgzjxgcam/E2sx5WGNIotMLulJg==",
          "requires": {
            "ip": "^1.1.5"
          }
        }
      }
    },
    "@dwcore/channel": {
      "version": "github:dwcore/channel#f9013d1caeb14a18b8ff80f4a6d69f22b9982420",
      "from": "github:dwcore/channel#master",
      "requires": {
        "@dwcore/eos": "github:dwcore/eos#b7fab35be3886200acc5f12478f7d617d393a34f",
        "once": "^1.3.1"
      }
    },
    "@dwcore/dethunk": {
      "version": "0.1.1",
      "resolved": "https://registry.npmjs.org/@dwcore/dethunk/-/dethunk-0.1.1.tgz",
      "integrity": "sha1-vJ7wUXERN737GLQdsNsu6VsQrcQ="
    },
    "@dwcore/dws2": {
      "version": "github:dwcore/dws2#2882b5b617c67404e7e830bae8bf6d17dbe97b1c",
      "from": "github:dwcore/dws2#master",
      "requires": {
        "readable-stream": "~1.1.9",
        "xtend": "~2.1.1"
      },
      "dependencies": {
        "isarray": {
          "version": "0.0.1",
          "resolved": "https://registry.npmjs.org/isarray/-/isarray-0.0.1.tgz",
          "integrity": "sha1-ihis/Kmo9Bd+Cav8YDiTmwXR7t8="
        },
        "object-keys": {
          "version": "0.4.0",
          "resolved": "https://registry.npmjs.org/object-keys/-/object-keys-0.4.0.tgz",
          "integrity": "sha1-KKaq50KN0sOpLz2V8hM13SBOAzY="
        },
        "readable-stream": {
          "version": "1.1.14",
          "resolved": "https://registry.npmjs.org/readable-stream/-/readable-stream-1.1.14.tgz",
          "integrity": "sha1-fPTFTvZI44EwhMY23SB54WbAgdk=",
          "requires": {
            "core-util-is": "~1.0.0",
            "inherits": "~2.0.1",
            "isarray": "0.0.1",
            "string_decoder": "~0.10.x"
          }
        },
        "string_decoder": {
          "version": "0.10.31",
          "resolved": "https://registry.npmjs.org/string_decoder/-/string_decoder-0.10.31.tgz",
          "integrity": "sha1-YuIDvEF2bGwoyfyEMB2rHFMQ+pQ="
        },
        "xtend": {
          "version": "2.1.2",
          "resolved": "https://registry.npmjs.org/xtend/-/xtend-2.1.2.tgz",
          "integrity": "sha1-bv7MKk2tjmlixJAbM3znuoe10os=",
          "requires": {
            "object-keys": "~0.4.0"
          }
        }
      }
    },
    "@dwcore/dws2wrap": {
      "version": "0.1.1",
      "resolved": "https://registry.npmjs.org/@dwcore/dws2wrap/-/dws2wrap-0.1.1.tgz",
      "integrity": "sha1-H6xRrn3Zh4KZ0ckgseQ6wQM2C4Y=",
      "requires": {
        "inherits": "^2.0.1",
        "readable-stream": "*"
      }
    },
    "@dwcore/dwsd": {
      "version": "github:dwcore/dwsd#77581f99b06876fd31fd7e0f2897472c28511a82",
      "from": "github:dwcore/dwsd#master",
      "requires": {
        "@dwcore/dwss": "github:dwcore/dwss#516e190a65c22e116ca2d4cb5df8c998b04a85de",
        "@dwcore/eos": "github:dwcore/eos#b7fab35be3886200acc5f12478f7d617d393a34f",
        "inherits": "^2.0.1",
        "readable-stream": "*"
      }
    },
    "@dwcore/dwss": {
      "version": "github:dwcore/dwss#516e190a65c22e116ca2d4cb5df8c998b04a85de",
      "from": "github:dwcore/dwss#master"
    },
    "@dwcore/eos": {
      "version": "github:dwcore/eos#b7fab35be3886200acc5f12478f7d617d393a34f",
      "from": "github:dwcore/eos#master",
      "requires": {
        "once": "^1.4.0"
      }
    },
    "@dwcore/netspeed": {
      "version": "github:dwcore/netspeed#d99f2d6122940fc8e23c61071c323f8b9cc85b91",
      "from": "github:dwcore/netspeed#master"
    },
    "@dwcore/ref": {
      "version": "0.1.5",
      "resolved": "https://registry.npmjs.org/@dwcore/ref/-/ref-0.1.5.tgz",
      "integrity": "sha1-OKZmrDYql3DuuBZ/gEAOOGLyEhc=",
      "requires": {
        "@dwcore/res": "github:dwcore/res#f4f88c58e15deef3ce2702fbe730887bd98b4c9b",
        "fs-constants": "*",
        "mkdirp": "*"
      }
    },
    "@dwcore/rem": {
      "version": "0.1.6",
      "resolved": "https://registry.npmjs.org/@dwcore/rem/-/rem-0.1.6.tgz",
      "integrity": "sha1-Ncak13/n0FU1OIszPXZTWWD+dpo=",
      "requires": {
        "@dwcore/res": "github:dwcore/res#f4f88c58e15deef3ce2702fbe730887bd98b4c9b",
        "inherits": "*",
        "is-options": "*"
      }
    },
    "@dwcore/res": {
      "version": "github:dwcore/res#f4f88c58e15deef3ce2702fbe730887bd98b4c9b",
      "from": "github:dwcore/res#master",
      "requires": {
        "inherits": "*"
      }
    },
    "@flockcore/channel": {
      "version": "github:flockcore/channel#bc2f51a6c31d7e8face8865712f34a7731f5a19c",
      "from": "github:flockcore/channel#master",
      "requires": {
        "@distdns/server": "*",
        "@dwcore/dethunk": "github:dwcore/dethunk#f6704517930fa8eba72e04e7c2fc9a286ae20a30",
        "bittorrent-dht": "*",
        "buffer-from": "^1.0.0",
        "debug": "^2.6.9",
        "pretty-hash": "^1.0.1"
      },
      "dependencies": {
        "@dwcore/dethunk": {
          "version": "github:dwcore/dethunk#f6704517930fa8eba72e04e7c2fc9a286ae20a30",
          "from": "github:dwcore/dethunk#master"
        },
        "debug": {
          "version": "2.6.9",
          "resolved": "https://registry.npmjs.org/debug/-/debug-2.6.9.tgz",
          "integrity": "sha512-bC7ElrdJaJnPbAP+1EotYvqZsb3ecl5wi6Bfi6BJTUcNowp6cvspg0jXznRTKDjm/E7AdgFBVeAPVMNcKGsHMA==",
          "requires": {
            "ms": "2.0.0"
          }
        }
      }
    },
    "@flockcore/presets": {
      "version": "github:flockcore/presets#ceedc7bb7bcc8c7fb1b9a75f80b8dd9d900d74d2",
      "from": "github:flockcore/presets#master",
      "requires": {
        "xtend": "^4.0.1"
      }
    },
    "@flockcore/revelation": {
      "version": "github:flockcore/revelation#b32f2a3bcb5ecf0bad91288d5ceb67977b89691c",
      "from": "github:flockcore/revelation#master",
      "requires": {
        "@dwcore/channel": "github:dwcore/channel#f9013d1caeb14a18b8ff80f4a6d69f22b9982420",
        "@flockcore/channel": "github:flockcore/channel#bc2f51a6c31d7e8face8865712f34a7731f5a19c",
        "buffer-equals": "^1.0.3",
        "connections": "^1.4.2",
        "debug": "^3.1.0",
        "length-prefixed-message": "^3.0.3",
        "to-buffer": "^1.0.1",
        "utp-native": "^1.7.0"
      }
    },
    "acorn": {
      "version": "5.7.1",
      "resolved": "https://registry.npmjs.org/acorn/-/acorn-5.7.1.tgz",
      "integrity": "sha512-d+nbxBUGKg7Arpsvbnlq61mc12ek3EY8EQldM3GPAhWJ1UVxC6TDGbIvUMNU6obBX3i1+ptCIzV4vq0gFPEGVQ=="
    },
    "append-tree": {
      "version": "2.4.4",
      "resolved": "https://registry.npmjs.org/append-tree/-/append-tree-2.4.4.tgz",
      "integrity": "sha512-rPMUMkR8JjjPDDHHDZ/YeLO0KIbUGCrXgy921F6sBkEXBR9jYYxK8LUlwpZkUVi70cMR6r8uSmHZ/5HvtrntHg==",
      "requires": {
        "array-lru": "^1.1.1",
        "codecs": "^1.2.0",
        "from2": "^2.3.0",
        "inherits": "^2.0.3",
        "mutexify": "^1.1.0",
        "process-nextick-args": "^1.0.7",
        "protocol-buffers-encodings": "^1.1.0",
        "varint": "^5.0.0"
      }
    },
    "array-lru": {
      "version": "1.1.1",
      "resolved": "https://registry.npmjs.org/array-lru/-/array-lru-1.1.1.tgz",
      "integrity": "sha1-DH4bTgIq4Wb/HoRIxZXzGB/NMzc="
    },
    "atomic-batcher": {
      "version": "1.0.2",
      "resolved": "https://registry.npmjs.org/atomic-batcher/-/atomic-batcher-1.0.2.tgz",
      "integrity": "sha1-0WkB0QzOxZUWwZe5zNiTBom4E7Q="
    },
    "bencode": {
      "version": "2.0.0",
      "resolved": "https://registry.npmjs.org/bencode/-/bencode-2.0.0.tgz",
      "integrity": "sha512-wr2HwwrUpfB5c68zmAudOltC7rZ1G0+lQOcnuEcfIM3AWAVnB3rHI3nlgd/2CWTfQ3w3zagKt89zni/M+VLZ8g==",
      "requires": {
        "safe-buffer": "^5.1.1"
      }
    },
    "bitfield-rle": {
      "version": "2.1.0",
      "resolved": "https://registry.npmjs.org/bitfield-rle/-/bitfield-rle-2.1.0.tgz",
      "integrity": "sha1-rinpOCp7pImN6fSLsj/TOMT73Pg=",
      "requires": {
        "varint": "^4.0.0"
      },
      "dependencies": {
        "varint": {
          "version": "4.0.1",
          "resolved": "https://registry.npmjs.org/varint/-/varint-4.0.1.tgz",
          "integrity": "sha1-SQgpuULSSEY7KzUJeZXDv3NxmOk="
        }
      }
    },
    "bittorrent-dht": {
      "version": "8.4.0",
      "resolved": "https://registry.npmjs.org/bittorrent-dht/-/bittorrent-dht-8.4.0.tgz",
      "integrity": "sha512-FRe/+MYBePev7Yb+BXSclkVuDxb/w+gUbao6nVHYQRaKO7aXE+ARRlL3phqm6Rdhw5CRVoLMbLd49nxmCuUhUQ==",
      "requires": {
        "bencode": "^2.0.0",
        "buffer-equals": "^1.0.3",
        "debug": "^3.1.0",
        "inherits": "^2.0.1",
        "k-bucket": "^4.0.0",
        "k-rpc": "^5.0.0",
        "last-one-wins": "^1.0.4",
        "lru": "^3.1.0",
        "randombytes": "^2.0.5",
        "record-cache": "^1.0.2",
        "safe-buffer": "^5.0.1",
        "simple-sha1": "^2.1.0"
      },
      "dependencies": {
        "lru": {
          "version": "3.1.0",
          "resolved": "https://registry.npmjs.org/lru/-/lru-3.1.0.tgz",
          "integrity": "sha1-6n+4VG2DczOWoTCR12z+tMBoN9U=",
          "requires": {
            "inherits": "^2.0.1"
          }
        }
      }
    },
    "blake2b": {
      "version": "2.1.2",
      "resolved": "https://registry.npmjs.org/blake2b/-/blake2b-2.1.2.tgz",
      "integrity": "sha1-aIDt3KNc/t6SxPsnJCITNPmJFFo=",
      "requires": {
        "blake2b-wasm": "^1.1.0",
        "nanoassert": "^1.0.0"
      }
    },
    "blake2b-wasm": {
      "version": "1.1.7",
      "resolved": "https://registry.npmjs.org/blake2b-wasm/-/blake2b-wasm-1.1.7.tgz",
      "integrity": "sha512-oFIHvXhlz/DUgF0kq5B1CqxIDjIJwh9iDeUUGQUcvgiGz7Wdw03McEO7CfLBy7QKGdsydcMCgO9jFNBAFCtFcA==",
      "requires": {
        "nanoassert": "^1.0.0"
      }
    },
    "brfs": {
      "version": "1.6.1",
      "resolved": "https://registry.npmjs.org/brfs/-/brfs-1.6.1.tgz",
      "integrity": "sha512-OfZpABRQQf+Xsmju8XE9bDjs+uU4vLREGolP7bDgcpsI17QREyZ4Bl+2KLxxx1kCgA0fAIhKQBaBYh+PEcCqYQ==",
      "requires": {
        "quote-stream": "^1.0.1",
        "resolve": "^1.1.5",
        "static-module": "^2.2.0",
        "through2": "^2.0.0"
      }
    },
    "buffer-alloc": {
      "version": "1.2.0",
      "resolved": "https://registry.npmjs.org/buffer-alloc/-/buffer-alloc-1.2.0.tgz",
      "integrity": "sha512-CFsHQgjtW1UChdXgbyJGtnm+O/uLQeZdtbDo8mfUgYXCHSM1wgrVxXm6bSyrUuErEb+4sYVGCzASBRot7zyrow==",
      "requires": {
        "buffer-alloc-unsafe": "^1.1.0",
        "buffer-fill": "^1.0.0"
      }
    },
    "buffer-alloc-unsafe": {
      "version": "1.1.0",
      "resolved": "https://registry.npmjs.org/buffer-alloc-unsafe/-/buffer-alloc-unsafe-1.1.0.tgz",
      "integrity": "sha512-TEM2iMIEQdJ2yjPJoSIsldnleVaAk1oW3DBVUykyOLsEsFmEc9kn+SFFPz+gl54KQNxlDnAwCXosOS9Okx2xAg=="
    },
    "buffer-equal": {
      "version": "0.0.1",
      "resolved": "https://registry.npmjs.org/buffer-equal/-/buffer-equal-0.0.1.tgz",
      "integrity": "sha1-kbx0sR6kBbyRa8aqkI+q+ltKrEs="
    },
    "buffer-equals": {
      "version": "1.0.4",
      "resolved": "https://registry.npmjs.org/buffer-equals/-/buffer-equals-1.0.4.tgz",
      "integrity": "sha1-A1O1T9B/2VZBcGca5vZrnPENJ/U="
    },
    "buffer-fill": {
      "version": "1.0.0",
      "resolved": "https://registry.npmjs.org/buffer-fill/-/buffer-fill-1.0.0.tgz",
      "integrity": "sha1-+PeLdniYiO858gXNY39o5wISKyw="
    },
    "buffer-from": {
      "version": "1.1.0",
      "resolved": "https://registry.npmjs.org/buffer-from/-/buffer-from-1.1.0.tgz",
      "integrity": "sha512-c5mRlguI/Pe2dSZmpER62rSCu0ryKmWddzRYsuXc50U2/g8jMOulc31VZMa4mYx31U5xsmSOpDCgH88Vl9cDGQ=="
    },
    "bulk-write-stream": {
      "version": "1.1.4",
      "resolved": "https://registry.npmjs.org/bulk-write-stream/-/bulk-write-stream-1.1.4.tgz",
      "integrity": "sha512-GtKwd/4etuk1hNeprXoESBO1RSeRYJMXKf+O0qHmWdUomLT8ysNEfX/4bZFXr3BK6eukpHiEnhY2uMtEHDM2ng==",
      "requires": {
        "buffer-from": "^1.0.0",
        "inherits": "^2.0.1",
        "readable-stream": "^2.1.4"
      }
    },
    "circular-append-file": {
      "version": "1.0.1",
      "resolved": "https://registry.npmjs.org/circular-append-file/-/circular-append-file-1.0.1.tgz",
      "integrity": "sha512-BUDFvrBTCdeVhg9E05PX4XgMegk6xWB69uGwyuATEg7PMfa9lGU1mzFSK0xWNW2O0i9CAQHN0oIdXI/kI2hPkg==",
      "requires": {
        "multistream": "^2.1.0"
      }
    },
    "codecs": {
      "version": "1.2.1",
      "resolved": "https://registry.npmjs.org/codecs/-/codecs-1.2.1.tgz",
      "integrity": "sha512-SPnx+ZHXVJ0qTInRXmnxuyu8PDvSzvop5MXp1BOr/urFQI3yL2n5ewE755skTklF/hKVlWj8cinGxdR2gvLvTA=="
    },
    "concat-stream": {
      "version": "1.6.2",
      "resolved": "https://registry.npmjs.org/concat-stream/-/concat-stream-1.6.2.tgz",
      "integrity": "sha512-27HBghJxjiZtIk3Ycvn/4kbJk/1uZuJFfuPEns6LaEvpvG1f0hTea8lilrouyo9mVc2GWdcEZ8OLoGmSADlrCw==",
      "requires": {
        "buffer-from": "^1.0.0",
        "inherits": "^2.0.3",
        "readable-stream": "^2.2.2",
        "typedarray": "^0.0.6"
      }
    },
    "connections": {
      "version": "1.4.2",
      "resolved": "https://registry.npmjs.org/connections/-/connections-1.4.2.tgz",
      "integrity": "sha1-eJBIK/XHGvbFyhkr4xNq7XRCiq0="
    },
    "convert-source-map": {
      "version": "1.5.1",
      "resolved": "https://registry.npmjs.org/convert-source-map/-/convert-source-map-1.5.1.tgz",
      "integrity": "sha1-uCeAl7m8IpNl3lxiz1/K7YtVmeU="
    },
    "core-util-is": {
      "version": "1.0.2",
      "resolved": "https://registry.npmjs.org/core-util-is/-/core-util-is-1.0.2.tgz",
      "integrity": "sha1-tf1UIgqivFq1eqtxQMlAdUUDwac="
    },
    "debug": {
      "version": "3.1.0",
      "resolved": "https://registry.npmjs.org/debug/-/debug-3.1.0.tgz",
      "integrity": "sha512-OX8XqP7/1a9cqkxYw2yXss15f26NKWBpDXQd0/uK/KPqdQhxbPa994hnzjcE2VqQpDslf55723cKPUOGSmMY3g==",
      "requires": {
        "ms": "2.0.0"
      }
    },
    "deep-is": {
      "version": "0.1.3",
      "resolved": "https://registry.npmjs.org/deep-is/-/deep-is-0.1.3.tgz",
      "integrity": "sha1-s2nW+128E+7PUk+RsHD+7cNXzzQ="
    },
    "dns-packet": {
      "version": "4.2.0",
      "resolved": "https://registry.npmjs.org/dns-packet/-/dns-packet-4.2.0.tgz",
      "integrity": "sha512-bn1AKpfkFbm0MIioOMHZ5qJzl2uypdBwI4nYNsqvhjsegBhcKJUlCrMPWLx6JEezRjxZmxhtIz/FkBEur2l8Cw==",
      "requires": {
        "ip": "^1.1.5",
        "safe-buffer": "^5.1.1"
      }
    },
    "duplexer2": {
      "version": "0.1.4",
      "resolved": "https://registry.npmjs.org/duplexer2/-/duplexer2-0.1.4.tgz",
      "integrity": "sha1-ixLauHjA1p4+eJEFFmKjL8a93ME=",
      "requires": {
        "readable-stream": "^2.0.2"
      }
    },
    "duplexify": {
      "version": "3.6.0",
      "resolved": "https://registry.npmjs.org/duplexify/-/duplexify-3.6.0.tgz",
      "integrity": "sha512-fO3Di4tBKJpYTFHAxTU00BcfWMY9w24r/x21a6rZRbsD/ToUgGxsMbiGRmB7uVAXeGKXD9MwiLZa5E97EVgIRQ==",
      "requires": {
        "end-of-stream": "^1.0.0",
        "inherits": "^2.0.1",
        "readable-stream": "^2.0.0",
        "stream-shift": "^1.0.0"
      }
    },
    "end-of-stream": {
      "version": "1.4.1",
      "resolved": "https://registry.npmjs.org/end-of-stream/-/end-of-stream-1.4.1.tgz",
      "integrity": "sha512-1MkrZNvWTKCaigbn+W15elq2BB/L22nqrSY5DKlo3X6+vclJm8Bb5djXJBmEX6fS3+zCh/F4VBK5Z2KxJt4s2Q==",
      "requires": {
        "once": "^1.4.0"
      }
    },
    "escodegen": {
      "version": "1.9.1",
      "resolved": "https://registry.npmjs.org/escodegen/-/escodegen-1.9.1.tgz",
      "integrity": "sha512-6hTjO1NAWkHnDk3OqQ4YrCuwwmGHL9S3nPlzBOUG/R44rda3wLNrfvQ5fkSGjyhHFKM7ALPKcKGrwvCLe0lC7Q==",
      "requires": {
        "esprima": "^3.1.3",
        "estraverse": "^4.2.0",
        "esutils": "^2.0.2",
        "optionator": "^0.8.1",
        "source-map": "~0.6.1"
      }
    },
    "esprima": {
      "version": "3.1.3",
      "resolved": "https://registry.npmjs.org/esprima/-/esprima-3.1.3.tgz",
      "integrity": "sha1-/cpRzuYTOJXjyI1TXOSdv/YqRjM="
    },
    "estraverse": {
      "version": "4.2.0",
      "resolved": "https://registry.npmjs.org/estraverse/-/estraverse-4.2.0.tgz",
      "integrity": "sha1-De4/7TH81GlhjOc0IJn8GvoL2xM="
    },
    "esutils": {
      "version": "2.0.2",
      "resolved": "https://registry.npmjs.org/esutils/-/esutils-2.0.2.tgz",
      "integrity": "sha1-Cr9PHKpbyx96nYrMbepPqqBLrJs="
    },
    "falafel": {
      "version": "2.1.0",
      "resolved": "https://registry.npmjs.org/falafel/-/falafel-2.1.0.tgz",
      "integrity": "sha1-lrsXdh2rqU9G0AFzizzt86Z/4Gw=",
      "requires": {
        "acorn": "^5.0.0",
        "foreach": "^2.0.5",
        "isarray": "0.0.1",
        "object-keys": "^1.0.6"
      },
      "dependencies": {
        "isarray": {
          "version": "0.0.1",
          "resolved": "https://registry.npmjs.org/isarray/-/isarray-0.0.1.tgz",
          "integrity": "sha1-ihis/Kmo9Bd+Cav8YDiTmwXR7t8="
        }
      }
    },
    "fast-levenshtein": {
      "version": "2.0.6",
      "resolved": "https://registry.npmjs.org/fast-levenshtein/-/fast-levenshtein-2.0.6.tgz",
      "integrity": "sha1-PYpcZog6FqMMqGQ+hR8Zuqd5eRc="
    },
    "flat-tree": {
      "version": "1.6.0",
      "resolved": "https://registry.npmjs.org/flat-tree/-/flat-tree-1.6.0.tgz",
      "integrity": "sha1-/KMM3bkAb7ZW6168ea6ydOf96e0="
    },
    "foreach": {
      "version": "2.0.5",
      "resolved": "https://registry.npmjs.org/foreach/-/foreach-2.0.5.tgz",
      "integrity": "sha1-C+4AUBiusmDQo6865ljdATbsG5k="
    },
    "from2": {
      "version": "2.3.0",
      "resolved": "https://registry.npmjs.org/from2/-/from2-2.3.0.tgz",
      "integrity": "sha1-i/tVAr3kpNNs/e6gB/zKIdfjgq8=",
      "requires": {
        "inherits": "^2.0.1",
        "readable-stream": "^2.0.0"
      }
    },
    "fs-constants": {
      "version": "1.0.0",
      "resolved": "https://registry.npmjs.org/fs-constants/-/fs-constants-1.0.0.tgz",
      "integrity": "sha512-y6OAwoSIf7FyjMIv94u+b5rdheZEjzR63GTyZJm5qh4Bi+2YgwLCcI/fPFZkL5PSixOt6ZNKm+w+Hfp/Bciwow=="
    },
    "function-bind": {
      "version": "1.1.1",
      "resolved": "https://registry.npmjs.org/function-bind/-/function-bind-1.1.1.tgz",
      "integrity": "sha512-yIovAzMX49sF8Yl58fSCWJ5svSLuaibPxXQJFLmBObTuCr0Mf1KiPopGM9NiFjiYBCbfaa2Fh6breQ6ANVTI0A=="
    },
    "generate-function": {
      "version": "2.0.0",
      "resolved": "https://registry.npmjs.org/generate-function/-/generate-function-2.0.0.tgz",
      "integrity": "sha1-aFj+fAlpt9TpCTM3ZHrHn2DfvnQ="
    },
    "generate-object-property": {
      "version": "1.2.0",
      "resolved": "https://registry.npmjs.org/generate-object-property/-/generate-object-property-1.2.0.tgz",
      "integrity": "sha1-nA4cQDCM6AT0eDYYuTf6iPmdUNA=",
      "requires": {
        "is-property": "^1.0.0"
      }
    },
    "has": {
      "version": "1.0.3",
      "resolved": "https://registry.npmjs.org/has/-/has-1.0.3.tgz",
      "integrity": "sha512-f2dvO0VU6Oej7RkWJGrehjbzMAjFp5/VKPp5tTpWIV4JHHZK1/BxbFRtf/siA2SWTe09caDmVtYYzWEIbBS4zw==",
      "requires": {
        "function-bind": "^1.1.1"
      }
    },
    "inherits": {
      "version": "2.0.3",
      "resolved": "https://registry.npmjs.org/inherits/-/inherits-2.0.3.tgz",
      "integrity": "sha1-Yzwsg+PaQqUC9SRmAiSA9CCCYd4="
    },
    "ini": {
      "version": "1.3.5",
      "resolved": "https://registry.npmjs.org/ini/-/ini-1.3.5.tgz",
      "integrity": "sha512-RZY5huIKCMRWDUqZlEi72f/lmXKMvuszcMBduliQ3nnWbx9X/ZBQO7DijMEYS9EhHBb2qacRUMtC7svLwe0lcw==",
      "optional": true
    },
    "inspect-custom-symbol": {
      "version": "1.1.0",
      "resolved": "https://registry.npmjs.org/inspect-custom-symbol/-/inspect-custom-symbol-1.1.0.tgz",
      "integrity": "sha512-vtI2YXBRZBkU6DlfHfd0GtZENfiEiTacAXUd0ZY6HA+X7aPznpFfPmzSC+tHKXAkz9KDSdI4AYfwAMXR5t+isg=="
    },
    "ip": {
      "version": "1.1.5",
      "resolved": "https://registry.npmjs.org/ip/-/ip-1.1.5.tgz",
      "integrity": "sha1-vd7XARQpCCjAoDnnLvJfWq7ENUo="
    },
    "is-options": {
      "version": "1.0.1",
      "resolved": "https://registry.npmjs.org/is-options/-/is-options-1.0.1.tgz",
      "integrity": "sha512-2Xj8sA0zDrAcaoWfBiNmc6VPWAgKDpim0T3J9Djq7vbm1UjwbUWzeuLu/FwC46g3cBbAn0E5R0xwVtOobM6Xxg=="
    },
    "is-property": {
      "version": "1.0.2",
      "resolved": "https://registry.npmjs.org/is-property/-/is-property-1.0.2.tgz",
      "integrity": "sha1-V/4cTkhHTt1lsJkR8msc1Ald2oQ="
    },
    "isarray": {
      "version": "1.0.0",
      "resolved": "https://registry.npmjs.org/isarray/-/isarray-1.0.0.tgz",
      "integrity": "sha1-u5NdSFgsuhaMBoNJV6VKPgcSTxE="
    },
    "k-bucket": {
      "version": "4.0.1",
      "resolved": "https://registry.npmjs.org/k-bucket/-/k-bucket-4.0.1.tgz",
      "integrity": "sha512-YvDpmY3waI999h1zZoW1rJ04fZrgZ+5PAlVmvwDHT6YO/Q1AOhdel07xsKy9eAvJjQ9xZV1wz3rXKqEfaWvlcQ==",
      "requires": {
        "inherits": "^2.0.1",
        "randombytes": "^2.0.3"
      }
    },
    "k-rpc": {
      "version": "5.0.0",
      "resolved": "https://registry.npmjs.org/k-rpc/-/k-rpc-5.0.0.tgz",
      "integrity": "sha512-vCH2rQdfMOS+MlUuTSuar1pS2EMrltURf9LmAR9xR6Jik0XPlMX3vEixgqMn17wKmFVCublJqSJ4hJIP7oKZ3Q==",
      "requires": {
        "buffer-equals": "^1.0.3",
        "k-bucket": "^4.0.0",
        "k-rpc-socket": "^1.7.2",
        "randombytes": "^2.0.5",
        "safe-buffer": "^5.1.1"
      }
    },
    "k-rpc-socket": {
      "version": "1.8.0",
      "resolved": "https://registry.npmjs.org/k-rpc-socket/-/k-rpc-socket-1.8.0.tgz",
      "integrity": "sha512-f/9TynsO8YYjZ6JjNNtSSH7CJcIHcio1buy3zqByGxb/GX8AWLdL6FZEWTrN8V3/J7W4/E0ZTQQ+Jt2rVq7ELg==",
      "requires": {
        "bencode": "^2.0.0",
        "buffer-equals": "^1.0.4",
        "safe-buffer": "^5.1.1"
      }
    },
    "last-one-wins": {
      "version": "1.0.4",
      "resolved": "https://registry.npmjs.org/last-one-wins/-/last-one-wins-1.0.4.tgz",
      "integrity": "sha1-wb/Qy8tGeQ7JFWuNGu6Py4bNoio="
    },
    "length-prefixed-message": {
      "version": "3.0.3",
      "resolved": "https://registry.npmjs.org/length-prefixed-message/-/length-prefixed-message-3.0.3.tgz",
      "integrity": "sha1-JFR01pq8BhTco2jcNaqAdJgqI6w=",
      "requires": {
        "varint": "^3.0.1"
      },
      "dependencies": {
        "varint": {
          "version": "3.0.1",
          "resolved": "https://registry.npmjs.org/varint/-/varint-3.0.1.tgz",
          "integrity": "sha1-nT9T4DbAqxIACnS8LSTL8JOlgdk="
        }
      }
    },
    "levn": {
      "version": "0.3.0",
      "resolved": "https://registry.npmjs.org/levn/-/levn-0.3.0.tgz",
      "integrity": "sha1-OwmSTt+fCDwEkP3UwLxEIeBHZO4=",
      "requires": {
        "prelude-ls": "~1.1.2",
        "type-check": "~0.3.2"
      }
    },
    "lru": {
      "version": "2.0.1",
      "resolved": "https://registry.npmjs.org/lru/-/lru-2.0.1.tgz",
      "integrity": "sha1-+XmHHhYuP1yiVL5GhExT1MU2RUQ=",
      "requires": {
        "inherits": "^2.0.1"
      }
    },
    "magic-string": {
      "version": "0.22.5",
      "resolved": "https://registry.npmjs.org/magic-string/-/magic-string-0.22.5.tgz",
      "integrity": "sha512-oreip9rJZkzvA8Qzk9HFs8fZGF/u7H/gtrE8EN6RjKJ9kh2HlC+yQ2QezifqTZfGyiuAV0dRv5a+y/8gBb1m9w==",
      "requires": {
        "vlq": "^0.2.2"
      }
    },
    "memory-pager": {
      "version": "1.1.0",
      "resolved": "https://registry.npmjs.org/memory-pager/-/memory-pager-1.1.0.tgz",
      "integrity": "sha512-Mf9OHV/Y7h6YWDxTzX/b4ZZ4oh9NSXblQL8dtPCOomOtZciEHxePR78+uHFLLlsk01A6jVHhHsQZZ/WcIPpnzg=="
    },
    "merge-source-map": {
      "version": "1.0.4",
      "resolved": "https://registry.npmjs.org/merge-source-map/-/merge-source-map-1.0.4.tgz",
      "integrity": "sha1-pd5GU42uhNQRTMXqArR3KmNGcB8=",
      "requires": {
        "source-map": "^0.5.6"
      },
      "dependencies": {
        "source-map": {
          "version": "0.5.7",
          "resolved": "https://registry.npmjs.org/source-map/-/source-map-0.5.7.tgz",
          "integrity": "sha1-igOdLRAh0i0eoUyA2OpGi6LvP8w="
        }
      }
    },
    "merkle-tree-stream": {
      "version": "3.0.3",
      "resolved": "https://registry.npmjs.org/merkle-tree-stream/-/merkle-tree-stream-3.0.3.tgz",
      "integrity": "sha1-+KBkdg0355eK1fn208EZpJT1cIE=",
      "requires": {
        "flat-tree": "^1.3.0",
        "readable-stream": "^2.0.5"
      }
    },
    "minimist": {
      "version": "1.2.0",
      "resolved": "https://registry.npmjs.org/minimist/-/minimist-1.2.0.tgz",
      "integrity": "sha1-o1AIsg9BOD7sH7kU9M1d95omQoQ="
    },
    "mkdirp": {
      "version": "0.5.1",
      "resolved": "https://registry.npmjs.org/mkdirp/-/mkdirp-0.5.1.tgz",
      "integrity": "sha1-MAV0OOrGz3+MR2fzhkjWaX11yQM=",
      "requires": {
        "minimist": "0.0.8"
      },
      "dependencies": {
        "minimist": {
          "version": "0.0.8",
          "resolved": "https://registry.npmjs.org/minimist/-/minimist-0.0.8.tgz",
          "integrity": "sha1-hX/Kv8M5fSYluCKCYuhqp6ARsF0="
        }
      }
    },
    "ms": {
      "version": "2.0.0",
      "resolved": "https://registry.npmjs.org/ms/-/ms-2.0.0.tgz",
      "integrity": "sha1-VgiurfwAvmwpAd9fmGF4jeDVl8g="
    },
    "multistream": {
      "version": "2.1.1",
      "resolved": "https://registry.npmjs.org/multistream/-/multistream-2.1.1.tgz",
      "integrity": "sha512-xasv76hl6nr1dEy3lPvy7Ej7K/Lx3O/FCvwge8PeVJpciPPoNCbaANcNiBug3IpdvTveZUcAV0DJzdnUDMesNQ==",
      "requires": {
        "inherits": "^2.0.1",
        "readable-stream": "^2.0.5"
      }
    },
    "mutexify": {
      "version": "1.2.0",
      "resolved": "https://registry.npmjs.org/mutexify/-/mutexify-1.2.0.tgz",
      "integrity": "sha512-oprzxd2zhfrJqEuB98qc1dRMMonClBQ57UPDjnbcrah4orEMTq1jq3+AcdFe5ePzdbJXI7zmdhfftIdMnhYFoQ=="
    },
    "nan": {
      "version": "2.10.0",
      "resolved": "https://registry.npmjs.org/nan/-/nan-2.10.0.tgz",
      "integrity": "sha512-bAdJv7fBLhWC+/Bls0Oza+mvTaNQtP+1RyhhhvD95pgUJz6XM5IzgmxOkItJ9tkoCiplvAnXI1tNmmUD/eScyA==",
      "optional": true
    },
    "nanoassert": {
      "version": "1.1.0",
      "resolved": "https://registry.npmjs.org/nanoassert/-/nanoassert-1.1.0.tgz",
      "integrity": "sha1-TzFS4JVA/eKMdvRLGbvNHVpCR40="
    },
    "network-address": {
      "version": "1.1.2",
      "resolved": "https://registry.npmjs.org/network-address/-/network-address-1.1.2.tgz",
      "integrity": "sha1-Sqe/1D8D8LgclwKxPWqFjdsybz4="
    },
    "node-gyp-build": {
      "version": "3.4.0",
      "resolved": "https://registry.npmjs.org/node-gyp-build/-/node-gyp-build-3.4.0.tgz",
      "integrity": "sha512-YoviGBJYGrPdLOKDIQB0sKxuKy/EEsxzooNkOZak4vSTKT/qH0Pa6dj3t1MJjEQGsefih61IyHDmO1WW7xOFfw==",
      "optional": true
    },
    "normalize-path": {
      "version": "2.1.1",
      "resolved": "https://registry.npmjs.org/normalize-path/-/normalize-path-2.1.1.tgz",
      "integrity": "sha1-GrKLVW4Zg2Oowab35vogE3/mrtk=",
      "requires": {
        "remove-trailing-separator": "^1.0.1"
      }
    },
    "object-inspect": {
      "version": "1.4.1",
      "resolved": "https://registry.npmjs.org/object-inspect/-/object-inspect-1.4.1.tgz",
      "integrity": "sha512-wqdhLpfCUbEsoEwl3FXwGyv8ief1k/1aUdIPCqVnupM6e8l63BEJdiF/0swtn04/8p05tG/T0FrpTlfwvljOdw=="
    },
    "object-keys": {
      "version": "1.0.12",
      "resolved": "https://registry.npmjs.org/object-keys/-/object-keys-1.0.12.tgz",
      "integrity": "sha512-FTMyFUm2wBcGHnH2eXmz7tC6IwlqQZ6mVZ+6dm6vZ4IQIHjs6FdNsQBuKGPuUUUY6NfJw2PshC08Tn6LzLDOag=="
    },
    "once": {
      "version": "1.4.0",
      "resolved": "https://registry.npmjs.org/once/-/once-1.4.0.tgz",
      "integrity": "sha1-WDsap3WWHUsROsF9nFC6753Xa9E=",
      "requires": {
        "wrappy": "1"
      }
    },
    "optionator": {
      "version": "0.8.2",
      "resolved": "https://registry.npmjs.org/optionator/-/optionator-0.8.2.tgz",
      "integrity": "sha1-NkxeQJ0/TWMB1sC0wFu6UBgK62Q=",
      "requires": {
        "deep-is": "~0.1.3",
        "fast-levenshtein": "~2.0.4",
        "levn": "~0.3.0",
        "prelude-ls": "~1.1.2",
        "type-check": "~0.3.2",
        "wordwrap": "~1.0.0"
      }
    },
    "path-parse": {
      "version": "1.0.5",
      "resolved": "https://registry.npmjs.org/path-parse/-/path-parse-1.0.5.tgz",
      "integrity": "sha1-PBrfhx6pzWyUMbbqK9dKD/BVxME="
    },
    "prelude-ls": {
      "version": "1.1.2",
      "resolved": "https://registry.npmjs.org/prelude-ls/-/prelude-ls-1.1.2.tgz",
      "integrity": "sha1-IZMqVJ9eUv/ZqCf1cOBL5iqX2lQ="
    },
    "pretty-hash": {
      "version": "1.0.1",
      "resolved": "https://registry.npmjs.org/pretty-hash/-/pretty-hash-1.0.1.tgz",
      "integrity": "sha1-FuBXkYje9WvbVliSvNBaXWUySAc="
    },
    "process-nextick-args": {
      "version": "1.0.7",
      "resolved": "https://registry.npmjs.org/process-nextick-args/-/process-nextick-args-1.0.7.tgz",
      "integrity": "sha1-FQ4gt1ZZCtP5EJPyWk8q2L/zC6M="
    },
    "protocol-buffers": {
      "version": "3.2.1",
      "resolved": "https://registry.npmjs.org/protocol-buffers/-/protocol-buffers-3.2.1.tgz",
      "integrity": "sha1-NyWOF+JKCC8G67F3MekoUdHHaIk=",
      "requires": {
        "brfs": "^1.4.0",
        "generate-function": "^2.0.0",
        "generate-object-property": "^1.2.0",
        "protocol-buffers-schema": "^3.1.1",
        "signed-varint": "^2.0.0",
        "varint": "^5.0.0"
      }
    },
    "protocol-buffers-encodings": {
      "version": "1.1.0",
      "resolved": "https://registry.npmjs.org/protocol-buffers-encodings/-/protocol-buffers-encodings-1.1.0.tgz",
      "integrity": "sha512-SmjEuAf3hc3h3rWZ6V1YaaQw2MNJWK848gLJgzx/sefOJdNLujKinJVXIS0q2cBQpQn2Q32TinawZyDZPzm4kQ==",
      "requires": {
        "signed-varint": "^2.0.1",
        "varint": "^5.0.0"
      }
    },
    "protocol-buffers-schema": {
      "version": "3.3.2",
      "resolved": "https://registry.npmjs.org/protocol-buffers-schema/-/protocol-buffers-schema-3.3.2.tgz",
      "integrity": "sha512-Xdayp8sB/mU+sUV4G7ws8xtYMGdQnxbeIfLjyO9TZZRJdztBGhlmbI5x1qcY4TG5hBkIKGnc28i7nXxaugu88w=="
    },
    "quote-stream": {
      "version": "1.0.2",
      "resolved": "https://registry.npmjs.org/quote-stream/-/quote-stream-1.0.2.tgz",
      "integrity": "sha1-hJY/jJwmuULhU/7rU6rnRlK34LI=",
      "requires": {
        "buffer-equal": "0.0.1",
        "minimist": "^1.1.3",
        "through2": "^2.0.0"
      }
    },
    "random-access-file": {
      "version": "2.0.1",
      "resolved": "https://registry.npmjs.org/random-access-file/-/random-access-file-2.0.1.tgz",
      "integrity": "sha512-nb4fClpzoUY+v1SHrro+9yykN90eMA1rc+xM39tnZ5R3BgFY+J/NxPZ0KuUpishEsvnwou9Fvm2wa3cjeuG7vg==",
      "requires": {
        "mkdirp": "^0.5.1",
        "random-access-storage": "^1.1.1"
      }
    },
    "random-access-storage": {
      "version": "1.3.0",
      "resolved": "https://registry.npmjs.org/random-access-storage/-/random-access-storage-1.3.0.tgz",
      "integrity": "sha512-pdS9Mcb9TB7oICypPRALlheaSuszuAKmLVEPKJMuYor7R/zDuHh5ALuQoS+ox31XRwQUL+tDwWH2GPdyspwelA==",
      "requires": {
        "inherits": "^2.0.3"
      }
    },
    "randombytes": {
      "version": "2.0.6",
      "resolved": "https://registry.npmjs.org/randombytes/-/randombytes-2.0.6.tgz",
      "integrity": "sha512-CIQ5OFxf4Jou6uOKe9t1AOgqpeU5fd70A8NPdHSGeYXqXsPe6peOwI0cUl88RWZ6sP1vPMV3avd/R6cZ5/sP1A==",
      "requires": {
        "safe-buffer": "^5.1.0"
      }
    },
    "readable-stream": {
      "version": "2.3.6",
      "resolved": "https://registry.npmjs.org/readable-stream/-/readable-stream-2.3.6.tgz",
      "integrity": "sha512-tQtKA9WIAhBF3+VLAseyMqZeBjW0AHJoxOtYqSUZNJxauErmLbVm2FW1y+J/YA9dUrAC39ITejlZWhVIwawkKw==",
      "requires": {
        "core-util-is": "~1.0.0",
        "inherits": "~2.0.3",
        "isarray": "~1.0.0",
        "process-nextick-args": "~2.0.0",
        "safe-buffer": "~5.1.1",
        "string_decoder": "~1.1.1",
        "util-deprecate": "~1.0.1"
      },
      "dependencies": {
        "process-nextick-args": {
          "version": "2.0.0",
          "resolved": "https://registry.npmjs.org/process-nextick-args/-/process-nextick-args-2.0.0.tgz",
          "integrity": "sha512-MtEC1TqN0EU5nephaJ4rAtThHtC86dNN9qCuEhtshvpVBkAW5ZO7BASN9REnF9eoXGcRub+pFuKEpOHE+HbEMw=="
        }
      }
    },
    "record-cache": {
      "version": "1.1.0",
      "resolved": "https://registry.npmjs.org/record-cache/-/record-cache-1.1.0.tgz",
      "integrity": "sha512-u8rbtLEJV7HRacl/ZYwSBFD8NFyB3PfTTfGLP37IW3hftQCwu6z4Q2RLyxo1YJUNRTEzJfpLpGwVuEYdaIkG9Q=="
    },
    "remove-trailing-separator": {
      "version": "1.1.0",
      "resolved": "https://registry.npmjs.org/remove-trailing-separator/-/remove-trailing-separator-1.1.0.tgz",
      "integrity": "sha1-wkvOKig62tW8P1jg1IJJuSN52O8="
    },
    "resolve": {
      "version": "1.8.1",
      "resolved": "https://registry.npmjs.org/resolve/-/resolve-1.8.1.tgz",
      "integrity": "sha512-AicPrAC7Qu1JxPCZ9ZgCZlY35QgFnNqc+0LtbRNxnVw4TXvjQ72wnuL9JQcEBgXkI9JM8MsT9kaQoHcpCRJOYA==",
      "requires": {
        "path-parse": "^1.0.5"
      }
    },
    "rusha": {
      "version": "0.8.13",
      "resolved": "https://registry.npmjs.org/rusha/-/rusha-0.8.13.tgz",
      "integrity": "sha1-mghOe4YLF7/zAVuSxnpqM2GRUTo="
    },
    "safe-buffer": {
      "version": "5.1.2",
      "resolved": "https://registry.npmjs.org/safe-buffer/-/safe-buffer-5.1.2.tgz",
      "integrity": "sha512-Gd2UZBJDkXlY7GbJxfsE8/nvKkUEU1G38c1siN6QP6a9PT9MmHB8GnpscSmMJSoF8LOIrt8ud/wPtojys4G6+g=="
    },
    "shallow-copy": {
      "version": "0.0.1",
      "resolved": "https://registry.npmjs.org/shallow-copy/-/shallow-copy-0.0.1.tgz",
      "integrity": "sha1-QV9CcC1z2BAzApLMXuhurhoRoXA="
    },
    "signed-varint": {
      "version": "2.0.1",
      "resolved": "https://registry.npmjs.org/signed-varint/-/signed-varint-2.0.1.tgz",
      "integrity": "sha1-UKmYnafJjCxh2tEZvJdHDvhSgSk=",
      "requires": {
        "varint": "~5.0.0"
      }
    },
    "simple-sha1": {
      "version": "2.1.1",
      "resolved": "https://registry.npmjs.org/simple-sha1/-/simple-sha1-2.1.1.tgz",
      "integrity": "sha512-pFMPd+I/lQkpf4wFUeS/sED5IqdIG1lUlrQviBMV4u4mz8BRAcB5fvUx5Ckfg3kBigEglAjHg7E9k/yy2KlCqA==",
      "requires": {
        "rusha": "^0.8.1"
      }
    },
    "siphash24": {
      "version": "1.1.1",
      "resolved": "https://registry.npmjs.org/siphash24/-/siphash24-1.1.1.tgz",
      "integrity": "sha512-dKKwjIoTOa587TARYLlBRXq2lkbu5Iz35XrEVWpelhBP1m8r2BGOy1QlaZe84GTFHG/BTucEUd2btnNc8QzIVA==",
      "requires": {
        "nanoassert": "^1.0.0"
      }
    },
    "sodium-javascript": {
      "version": "0.5.5",
      "resolved": "https://registry.npmjs.org/sodium-javascript/-/sodium-javascript-0.5.5.tgz",
      "integrity": "sha512-UMmCHovws/sxIBZsIRhIl8uRPou/RFDD0vVop81T1hG106NLLgqajKKuHAOtAP6hflnZ0UrVA2VFwddTd/NQyA==",
      "requires": {
        "blake2b": "^2.1.1",
        "nanoassert": "^1.0.0",
        "siphash24": "^1.0.1",
        "xsalsa20": "^1.0.0"
      }
    },
    "sodium-native": {
      "version": "2.1.6",
      "resolved": "https://registry.npmjs.org/sodium-native/-/sodium-native-2.1.6.tgz",
      "integrity": "sha512-vfovcNlU8C93SbeNoGSAdW5zVOTlrh1sTy+TzdC2FhDTE/IUK6j4ML5gdr/qziLz4XRT4EQWJvbFzql6CAAH/A==",
      "optional": true,
      "requires": {
        "ini": "^1.3.5",
        "nan": "^2.4.0",
        "node-gyp-build": "^3.0.0"
      }
    },
    "sodium-universal": {
      "version": "2.0.0",
      "resolved": "https://registry.npmjs.org/sodium-universal/-/sodium-universal-2.0.0.tgz",
      "integrity": "sha512-csdVyakzHJRyCevY4aZC2Eacda8paf+4nmRGF2N7KxCLKY2Ajn72JsExaQlJQ2BiXJncp44p3T+b80cU+2TTsg==",
      "requires": {
        "sodium-javascript": "~0.5.0",
        "sodium-native": "^2.0.0"
      }
    },
    "sorted-indexof": {
      "version": "1.0.0",
      "resolved": "https://registry.npmjs.org/sorted-indexof/-/sorted-indexof-1.0.0.tgz",
      "integrity": "sha1-F8dC/3zxh+L1mhXfm4HxemLOCJk="
    },
    "source-map": {
      "version": "0.6.1",
      "resolved": "https://registry.npmjs.org/source-map/-/source-map-0.6.1.tgz",
      "integrity": "sha512-UjgapumWlbMhkBgzT7Ykc5YXUT46F0iKu8SGXq0bcwP5dz/h0Plj6enJqjz1Zbq2l5WaqYnrVbwWOWMyF3F47g==",
      "optional": true
    },
    "sparse-bitfield": {
      "version": "3.0.3",
      "resolved": "https://registry.npmjs.org/sparse-bitfield/-/sparse-bitfield-3.0.3.tgz",
      "integrity": "sha1-/0rm5oZWBWuks+eSqzM004JzyhE=",
      "requires": {
        "memory-pager": "^1.0.2"
      }
    },
    "static-eval": {
      "version": "2.0.0",
      "resolved": "https://registry.npmjs.org/static-eval/-/static-eval-2.0.0.tgz",
      "integrity": "sha512-6flshd3F1Gwm+Ksxq463LtFd1liC77N/PX1FVVc3OzL3hAmo2fwHFbuArkcfi7s9rTNsLEhcRmXGFZhlgy40uw==",
      "requires": {
        "escodegen": "^1.8.1"
      }
    },
    "static-module": {
      "version": "2.2.5",
      "resolved": "https://registry.npmjs.org/static-module/-/static-module-2.2.5.tgz",
      "integrity": "sha512-D8vv82E/Kpmz3TXHKG8PPsCPg+RAX6cbCOyvjM6x04qZtQ47EtJFVwRsdov3n5d6/6ynrOY9XB4JkaZwB2xoRQ==",
      "requires": {
        "concat-stream": "~1.6.0",
        "convert-source-map": "^1.5.1",
        "duplexer2": "~0.1.4",
        "escodegen": "~1.9.0",
        "falafel": "^2.1.0",
        "has": "^1.0.1",
        "magic-string": "^0.22.4",
        "merge-source-map": "1.0.4",
        "object-inspect": "~1.4.0",
        "quote-stream": "~1.0.2",
        "readable-stream": "~2.3.3",
        "shallow-copy": "~0.0.1",
        "static-eval": "^2.0.0",
        "through2": "~2.0.3"
      }
    },
    "stream-collector": {
      "version": "1.0.1",
      "resolved": "https://registry.npmjs.org/stream-collector/-/stream-collector-1.0.1.tgz",
      "integrity": "sha1-TU5V8XE1YSGyxfZVn5RHBaso2xU=",
      "requires": {
        "once": "^1.3.1"
      }
    },
    "stream-each": {
      "version": "1.2.2",
      "resolved": "https://registry.npmjs.org/stream-each/-/stream-each-1.2.2.tgz",
      "integrity": "sha512-mc1dbFhGBxvTM3bIWmAAINbqiuAk9TATcfIQC8P+/+HJefgaiTlMn2dHvkX8qlI12KeYKSQ1Ua9RrIqrn1VPoA==",
      "requires": {
        "end-of-stream": "^1.1.0",
        "stream-shift": "^1.0.0"
      }
    },
    "stream-shift": {
      "version": "1.0.0",
      "resolved": "https://registry.npmjs.org/stream-shift/-/stream-shift-1.0.0.tgz",
      "integrity": "sha1-1cdSgl5TZ+eG944Y5EXqIjoVWVI="
    },
    "string_decoder": {
      "version": "1.1.1",
      "resolved": "https://registry.npmjs.org/string_decoder/-/string_decoder-1.1.1.tgz",
      "integrity": "sha512-n/ShnvDi6FHbbVfviro+WojiFzv+s8MPMHBczVePfUpDJLwoLT0ht1l4YwBCbi8pJAveEEdnkHyPyTP/mzRfwg==",
      "requires": {
        "safe-buffer": "~5.1.0"
      }
    },
    "through2": {
      "version": "2.0.3",
      "resolved": "https://registry.npmjs.org/through2/-/through2-2.0.3.tgz",
      "integrity": "sha1-AARWmzfHx0ujnEPzzteNGtlBQL4=",
      "requires": {
        "readable-stream": "^2.1.5",
        "xtend": "~4.0.1"
      }
    },
    "thunky": {
      "version": "1.0.2",
      "resolved": "https://registry.npmjs.org/thunky/-/thunky-1.0.2.tgz",
      "integrity": "sha1-qGLgGOP7HqLsP85dVWBc9X8kc3E="
    },
    "to-buffer": {
      "version": "1.1.1",
      "resolved": "https://registry.npmjs.org/to-buffer/-/to-buffer-1.1.1.tgz",
      "integrity": "sha512-lx9B5iv7msuFYE3dytT+KE5tap+rNYw+K4jVkb9R/asAb+pbBSM17jtunHplhBe6RRJdZx3Pn2Jph24O32mOVg=="
    },
    "type-check": {
      "version": "0.3.2",
      "resolved": "https://registry.npmjs.org/type-check/-/type-check-0.3.2.tgz",
      "integrity": "sha1-WITKtRLPHTVeP7eE8wgEsrUg23I=",
      "requires": {
        "prelude-ls": "~1.1.2"
      }
    },
    "typedarray": {
      "version": "0.0.6",
      "resolved": "https://registry.npmjs.org/typedarray/-/typedarray-0.0.6.tgz",
      "integrity": "sha1-hnrHTjhkGHsdPUfZlqeOxciDB3c="
    },
    "uint64be": {
      "version": "2.0.2",
      "resolved": "https://registry.npmjs.org/uint64be/-/uint64be-2.0.2.tgz",
      "integrity": "sha512-9QqdvpGQTXgxthP+lY4e/gIBy+RuqcBaC6JVwT5I3bDLgT/btL6twZMR0pI3/Fgah9G/pdwzIprE5gL6v9UvyQ==",
      "requires": {
        "buffer-alloc": "^1.1.0"
      }
    },
    "unixify": {
      "version": "1.0.0",
      "resolved": "https://registry.npmjs.org/unixify/-/unixify-1.0.0.tgz",
      "integrity": "sha1-OmQcjC/7zk2mg6XHDwOkYpQMIJA=",
      "requires": {
        "normalize-path": "^2.1.1"
      }
    },
    "unordered-array-remove": {
      "version": "1.0.2",
      "resolved": "https://registry.npmjs.org/unordered-array-remove/-/unordered-array-remove-1.0.2.tgz",
      "integrity": "sha1-xUbo+I4xegzyZEyX7LV9umbSUO8="
    },
    "unordered-set": {
      "version": "2.0.1",
      "resolved": "https://registry.npmjs.org/unordered-set/-/unordered-set-2.0.1.tgz",
      "integrity": "sha512-eUmNTPzdx+q/WvOHW0bgGYLWvWHNT3PTKEQLg0MAQhc0AHASHVHoP/9YytYd4RBVariqno/mEUhVZN98CmD7bg=="
    },
    "util-deprecate": {
      "version": "1.0.2",
      "resolved": "https://registry.npmjs.org/util-deprecate/-/util-deprecate-1.0.2.tgz",
      "integrity": "sha1-RQ1Nyfpw3nMnYvvS1KKJgUGaDM8="
    },
    "utp-native": {
      "version": "1.7.2",
      "resolved": "https://registry.npmjs.org/utp-native/-/utp-native-1.7.2.tgz",
      "integrity": "sha512-jxNZIa49OXRCFbbqlp0SWsTCasvD9QjumUW85++KMaT21PKMDn6dLl2GsSsf1OsWRI8yKdzXg1OxhNsifPjyEA==",
      "optional": true,
      "requires": {
        "nan": "^2.5.1",
        "node-gyp-build": "^3.0.0",
        "readable-stream": "^2.2.2"
      }
    },
    "varint": {
      "version": "5.0.0",
      "resolved": "https://registry.npmjs.org/varint/-/varint-5.0.0.tgz",
      "integrity": "sha1-2Ca4n3SQcy+rwMDtaT7Uddyynr8="
    },
    "vlq": {
      "version": "0.2.3",
      "resolved": "https://registry.npmjs.org/vlq/-/vlq-0.2.3.tgz",
      "integrity": "sha512-DRibZL6DsNhIgYQ+wNdWDL2SL3bKPlVrRiBqV5yuMm++op8W4kGFtaQfCs4KEJn0wBZcHVHJ3eoywX8983k1ow=="
    },
    "wordwrap": {
      "version": "1.0.0",
      "resolved": "https://registry.npmjs.org/wordwrap/-/wordwrap-1.0.0.tgz",
      "integrity": "sha1-J1hIEIkUVqQXHI0CJkQa3pDLyus="
    },
    "wrappy": {
      "version": "1.0.2",
      "resolved": "https://registry.npmjs.org/wrappy/-/wrappy-1.0.2.tgz",
      "integrity": "sha1-tSQ9jz7BqjXxNkYFvA0QNuMKtp8="
    },
    "xsalsa20": {
      "version": "1.0.2",
      "resolved": "https://registry.npmjs.org/xsalsa20/-/xsalsa20-1.0.2.tgz",
      "integrity": "sha512-g1DFmZ5JJ9Qzvt4dMw6m9IydqoCSP381ucU5zm46Owbk3bwmqAr8eEJirOPc7PrXRn45drzOpAyDp8jsnoyXyw=="
    },
    "xtend": {
      "version": "4.0.1",
      "resolved": "https://registry.npmjs.org/xtend/-/xtend-4.0.1.tgz",
      "integrity": "sha1-pcbVMr5lbiPbgg77lDofBJmNY68="
    }
  }
}
